
Microsoft Visual Studio Solution File, Format Version 12.00
# Visual Studio Version 17
VisualStudioVersion = 17.5.33627.172
MinimumVisualStudioVersion = 10.0.40219.1
Project("{9A19103F-16F7-4668-BE54-9A1E7A4F7556}") = "audioDeviceLibrary", "audioDeviceLibrary\audioDeviceLibrary.csproj", "{03E7D9E3-F2BC-4B8C-842C-01CFD0275F19}"
EndProject
Project("{9A19103F-16F7-4668-BE54-9A1E7A4F7556}") = "SoundDeviceObjectDeclareLibrary", "SoundDevice\SoundDeviceObjectDeclareLibrary.csproj", "{E608F64F-F9A6-4D8D-93C4-D4A659504C87}"
EndProject
Project("{9A19103F-16F7-4668-BE54-9A1E7A4F7556}") = "CreateAudioDeviceListLibrary", "CreateAudioDeviceList\CreateAudioDeviceListLibrary.csproj", "{8218359A-E5D7-4466-B5B0-20868578BCB9}"
EndProject
Project("{9A19103F-16F7-4668-BE54-9A1E7A4F7556}") = "JsonDeseralizerLibrary", "JsonDeseralizerLibrary\JsonDeseralizerLibrary.csproj", "{0301FC62-183C-46CB-A8C6-8A902598EDF7}"
EndProject
Project("{9A19103F-16F7-4668-BE54-9A1E7A4F7556}") = "SoundSwap", "MainForm\SoundSwap.csproj", "{F1437A00-9410-4010-81F6-CDA93657E5D7}"
EndProject
Project("{9A19103F-16F7-4668-BE54-9A1E7A4F7556}") = "ChangeDefualtAudioDeviceLibrary", "ChangeDefualtAudioDeviceLibrary\ChangeDefualtAudioDeviceLibrary.csproj", "{2009896C-DADC-4605-8B4B-D54058AC9004}"
EndProject
Project("{2150E333-8FDC-42A3-9474-1A3956D46DE8}") = "Solution Items", "Solution Items", "{AD63B787-92D6-4E53-A762-58841001ADC7}"
	ProjectSection(SolutionItems) = preProject
		.editorconfig = .editorconfig
	EndProjectSection
EndProject
Project("{2150E333-8FDC-42A3-9474-1A3956D46DE8}") = "SoundSwapLibraries", "SoundSwapLibraries", "{B5CFEEDA-D123-48F3-A349-46C69953DAAC}"
EndProject
Project("{9A19103F-16F7-4668-BE54-9A1E7A4F7556}") = "SetFileLibrary", "SetFileLibrary\SetFileLibrary.csproj", "{8FAC7126-3E1C-458F-BEF0-3C957BC94E46}"
EndProject
Project("{54435603-DBB4-11D2-8724-00A0C9A8B90C}") = "SoundSwapSetup", "SoundSwapInstaller\SoundSwapInstaller.vdproj", "{78762867-2644-4763-9905-B576070AAC11}"
EndProject
Project("{FAE04EC0-301F-11D3-BF4B-00C04F79EFBC}") = "NotificationForm", "NotificationForm\NotificationForm.csproj", "{BF1635BB-D40F-482A-99CE-4D08362D27CF}"
EndProject
Project("{FAE04EC0-301F-11D3-BF4B-00C04F79EFBC}") = "getDevNameLibrary", "getDevNameLibrary\getDevNameLibrary.csproj", "{D3E6EFF7-F97C-422B-8B7F-154312157DCC}"
EndProject
Project("{2150E333-8FDC-42A3-9474-1A3956D46DE8}") = "NotificationLibary", "NotificationLibary", "{A87780A1-DF09-4024-B5F7-512D21139E4F}"
EndProject
Global
	GlobalSection(SolutionConfigurationPlatforms) = preSolution
		Debug|Any CPU = Debug|Any CPU
		Release|Any CPU = Release|Any CPU
	EndGlobalSection
	GlobalSection(ProjectConfigurationPlatforms) = postSolution
		{03E7D9E3-F2BC-4B8C-842C-01CFD0275F19}.Debug|Any CPU.ActiveCfg = Debug|Any CPU
		{03E7D9E3-F2BC-4B8C-842C-01CFD0275F19}.Debug|Any CPU.Build.0 = Debug|Any CPU
		{03E7D9E3-F2BC-4B8C-842C-01CFD0275F19}.Release|Any CPU.ActiveCfg = Release|Any CPU
		{03E7D9E3-F2BC-4B8C-842C-01CFD0275F19}.Release|Any CPU.Build.0 = Release|Any CPU
		{E608F64F-F9A6-4D8D-93C4-D4A659504C87}.Debug|Any CPU.ActiveCfg = Debug|Any CPU
		{E608F64F-F9A6-4D8D-93C4-D4A659504C87}.Debug|Any CPU.Build.0 = Debug|Any CPU
		{E608F64F-F9A6-4D8D-93C4-D4A659504C87}.Release|Any CPU.ActiveCfg = Release|Any CPU
		{E608F64F-F9A6-4D8D-93C4-D4A659504C87}.Release|Any CPU.Build.0 = Release|Any CPU
		{8218359A-E5D7-4466-B5B0-20868578BCB9}.Debug|Any CPU.ActiveCfg = Debug|Any CPU
		{8218359A-E5D7-4466-B5B0-20868578BCB9}.Debug|Any CPU.Build.0 = Debug|Any CPU
		{8218359A-E5D7-4466-B5B0-20868578BCB9}.Release|Any CPU.ActiveCfg = Release|Any CPU
		{8218359A-E5D7-4466-B5B0-20868578BCB9}.Release|Any CPU.Build.0 = Release|Any CPU
		{0301FC62-183C-46CB-A8C6-8A902598EDF7}.Debug|Any CPU.ActiveCfg = Debug|Any CPU
		{0301FC62-183C-46CB-A8C6-8A902598EDF7}.Debug|Any CPU.Build.0 = Debug|Any CPU
		{0301FC62-183C-46CB-A8C6-8A902598EDF7}.Release|Any CPU.ActiveCfg = Release|Any CPU
		{0301FC62-183C-46CB-A8C6-8A902598EDF7}.Release|Any CPU.Build.0 = Release|Any CPU
		{F1437A00-9410-4010-81F6-CDA93657E5D7}.Debug|Any CPU.ActiveCfg = Debug|Any CPU
		{F1437A00-9410-4010-81F6-CDA93657E5D7}.Debug|Any CPU.Build.0 = Debug|Any CPU
		{F1437A00-9410-4010-81F6-CDA93657E5D7}.Release|Any CPU.ActiveCfg = Release|Any CPU
		{F1437A00-9410-4010-81F6-CDA93657E5D7}.Release|Any CPU.Build.0 = Release|Any CPU
		{2009896C-DADC-4605-8B4B-D54058AC9004}.Debug|Any CPU.ActiveCfg = Debug|Any CPU
		{2009896C-DADC-4605-8B4B-D54058AC9004}.Debug|Any CPU.Build.0 = Debug|Any CPU
		{2009896C-DADC-4605-8B4B-D54058AC9004}.Release|Any CPU.ActiveCfg = Release|Any CPU
		{2009896C-DADC-4605-8B4B-D54058AC9004}.Release|Any CPU.Build.0 = Release|Any CPU
		{8FAC7126-3E1C-458F-BEF0-3C957BC94E46}.Debug|Any CPU.ActiveCfg = Debug|Any CPU
		{8FAC7126-3E1C-458F-BEF0-3C957BC94E46}.Debug|Any CPU.Build.0 = Debug|Any CPU
		{8FAC7126-3E1C-458F-BEF0-3C957BC94E46}.Release|Any CPU.ActiveCfg = Release|Any CPU
		{8FAC7126-3E1C-458F-BEF0-3C957BC94E46}.Release|Any CPU.Build.0 = Release|Any CPU
		{78762867-2644-4763-9905-B576070AAC11}.Debug|Any CPU.ActiveCfg = Debug
		{78762867-2644-4763-9905-B576070AAC11}.Release|Any CPU.ActiveCfg = Release
		{BF1635BB-D40F-482A-99CE-4D08362D27CF}.Debug|Any CPU.ActiveCfg = Debug|Any CPU
		{BF1635BB-D40F-482A-99CE-4D08362D27CF}.Debug|Any CPU.Build.0 = Debug|Any CPU
		{BF1635BB-D40F-482A-99CE-4D08362D27CF}.Release|Any CPU.ActiveCfg = Release|Any CPU
		{BF1635BB-D40F-482A-99CE-4D08362D27CF}.Release|Any CPU.Build.0 = Release|Any CPU
		{D3E6EFF7-F97C-422B-8B7F-154312157DCC}.Debug|Any CPU.ActiveCfg = Debug|Any CPU
		{D3E6EFF7-F97C-422B-8B7F-154312157DCC}.Debug|Any CPU.Build.0 = Debug|Any CPU
		{D3E6EFF7-F97C-422B-8B7F-154312157DCC}.Release|Any CPU.ActiveCfg = Release|Any CPU
		{D3E6EFF7-F97C-422B-8B7F-154312157DCC}.Release|Any CPU.Build.0 = Release|Any CPU
	EndGlobalSection
	GlobalSection(SolutionProperties) = preSolution
		HideSolutionNode = FALSE
	EndGlobalSection
	GlobalSection(NestedProjects) = preSolution
		{03E7D9E3-F2BC-4B8C-842C-01CFD0275F19} = {B5CFEEDA-D123-48F3-A349-46C69953DAAC}
		{E608F64F-F9A6-4D8D-93C4-D4A659504C87} = {B5CFEEDA-D123-48F3-A349-46C69953DAAC}
		{8218359A-E5D7-4466-B5B0-20868578BCB9} = {B5CFEEDA-D123-48F3-A349-46C69953DAAC}
		{0301FC62-183C-46CB-A8C6-8A902598EDF7} = {B5CFEEDA-D123-48F3-A349-46C69953DAAC}
		{2009896C-DADC-4605-8B4B-D54058AC9004} = {B5CFEEDA-D123-48F3-A349-46C69953DAAC}
		{AD63B787-92D6-4E53-A762-58841001ADC7} = {B5CFEEDA-D123-48F3-A349-46C69953DAAC}
		{8FAC7126-3E1C-458F-BEF0-3C957BC94E46} = {B5CFEEDA-D123-48F3-A349-46C69953DAAC}
		{D3E6EFF7-F97C-422B-8B7F-154312157DCC} = {A87780A1-DF09-4024-B5F7-512D21139E4F}
		{A87780A1-DF09-4024-B5F7-512D21139E4F} = {B5CFEEDA-D123-48F3-A349-46C69953DAAC}
	EndGlobalSection
	GlobalSection(ExtensibilityGlobals) = postSolution
		SolutionGuid = {F5FB6E6F-F43F-4F0C-9C49-4DF11FA17A8F}
	EndGlobalSection
EndGlobal
