
Microsoft Visual Studio Solution File, Format Version 12.00
# Visual Studio Version 17
VisualStudioVersion = 17.5.33627.172
MinimumVisualStudioVersion = 10.0.40219.1
Project("{FAE04EC0-301F-11D3-BF4B-00C04F79EFBC}") = "mainForm", "mainForm\mainForm.csproj", "{B221F79C-8DA8-4BEF-B9BF-427F85E000B4}"
EndProject
Project("{FAE04EC0-301F-11D3-BF4B-00C04F79EFBC}") = "audioDeviceLibrary", "audioDeviceLibrary\audioDeviceLibrary.csproj", "{03E7D9E3-F2BC-4B8C-842C-01CFD0275F19}"
EndProject
Global
	GlobalSection(SolutionConfigurationPlatforms) = preSolution
		Debug|Any CPU = Debug|Any CPU
		Release|Any CPU = Release|Any CPU
	EndGlobalSection
	GlobalSection(ProjectConfigurationPlatforms) = postSolution
		{B221F79C-8DA8-4BEF-B9BF-427F85E000B4}.Debug|Any CPU.ActiveCfg = Debug|Any CPU
		{B221F79C-8DA8-4BEF-B9BF-427F85E000B4}.Debug|Any CPU.Build.0 = Debug|Any CPU
		{B221F79C-8DA8-4BEF-B9BF-427F85E000B4}.Release|Any CPU.ActiveCfg = Release|Any CPU
		{B221F79C-8DA8-4BEF-B9BF-427F85E000B4}.Release|Any CPU.Build.0 = Release|Any CPU
		{03E7D9E3-F2BC-4B8C-842C-01CFD0275F19}.Debug|Any CPU.ActiveCfg = Debug|Any CPU
		{03E7D9E3-F2BC-4B8C-842C-01CFD0275F19}.Debug|Any CPU.Build.0 = Debug|Any CPU
		{03E7D9E3-F2BC-4B8C-842C-01CFD0275F19}.Release|Any CPU.ActiveCfg = Release|Any CPU
		{03E7D9E3-F2BC-4B8C-842C-01CFD0275F19}.Release|Any CPU.Build.0 = Release|Any CPU
	EndGlobalSection
	GlobalSection(SolutionProperties) = preSolution
		HideSolutionNode = FALSE
	EndGlobalSection
	GlobalSection(ExtensibilityGlobals) = postSolution
		SolutionGuid = {F5FB6E6F-F43F-4F0C-9C49-4DF11FA17A8F}
	EndGlobalSection
EndGlobal
